
Microsoft Visual Studio Solution File, Format Version 12.00
# Visual Studio Version 17
VisualStudioVersion = 17.1.32421.90
MinimumVisualStudioVersion = 10.0.40219.1
Project("{FAE04EC0-301F-11D3-BF4B-00C04F79EFBC}") = "WindowsFormsApp_Proiect_1", "WindowsFormsApp_Proiect_1\WindowsFormsApp_Proiect_1.csproj", "{97A7058E-8538-4572-B917-41685EF62289}"
EndProject
Global
	GlobalSection(SolutionConfigurationPlatforms) = preSolution
		Debug|Any CPU = Debug|Any CPU
		Release|Any CPU = Release|Any CPU
	EndGlobalSection
	GlobalSection(ProjectConfigurationPlatforms) = postSolution
		{97A7058E-8538-4572-B917-41685EF62289}.Debug|Any CPU.ActiveCfg = Debug|Any CPU
		{97A7058E-8538-4572-B917-41685EF62289}.Debug|Any CPU.Build.0 = Debug|Any CPU
		{97A7058E-8538-4572-B917-41685EF62289}.Release|Any CPU.ActiveCfg = Release|Any CPU
		{97A7058E-8538-4572-B917-41685EF62289}.Release|Any CPU.Build.0 = Release|Any CPU
	EndGlobalSection
	GlobalSection(SolutionProperties) = preSolution
		HideSolutionNode = FALSE
	EndGlobalSection
	GlobalSection(ExtensibilityGlobals) = postSolution
		SolutionGuid = {BAA69D95-50A1-4FE4-B4FB-BC1A8F051D71}
	EndGlobalSection
EndGlobal
